
Microsoft Visual Studio Solution File, Format Version 12.00
# Visual Studio 15
VisualStudioVersion = 15.0.27703.2042
MinimumVisualStudioVersion = 10.0.40219.1
Project("{FAE04EC0-301F-11D3-BF4B-00C04F79EFBC}") = "Lab2-VS", "Lab2-VS\Lab2-VS.csproj", "{A1A89168-D77B-4F44-A6C7-6A3439D4ACB5}"
EndProject
Global
	GlobalSection(SolutionConfigurationPlatforms) = preSolution
		Debug|Any CPU = Debug|Any CPU
		Release|Any CPU = Release|Any CPU
	EndGlobalSection
	GlobalSection(ProjectConfigurationPlatforms) = postSolution
		{A1A89168-D77B-4F44-A6C7-6A3439D4ACB5}.Debug|Any CPU.ActiveCfg = Debug|Any CPU
		{A1A89168-D77B-4F44-A6C7-6A3439D4ACB5}.Debug|Any CPU.Build.0 = Debug|Any CPU
		{A1A89168-D77B-4F44-A6C7-6A3439D4ACB5}.Release|Any CPU.ActiveCfg = Release|Any CPU
		{A1A89168-D77B-4F44-A6C7-6A3439D4ACB5}.Release|Any CPU.Build.0 = Release|Any CPU
	EndGlobalSection
	GlobalSection(SolutionProperties) = preSolution
		HideSolutionNode = FALSE
	EndGlobalSection
	GlobalSection(ExtensibilityGlobals) = postSolution
		SolutionGuid = {25FEA4B6-EF81-4E2D-B73F-CE3A6A4261C2}
	EndGlobalSection
EndGlobal
